# Generated by pub
# See https://dart.dev/tools/pub/glossary#lockfile
packages:
  event:
    dependency: "direct main"
    description:
      name: event
      url: "https://pub.dartlang.org"
    source: hosted
    version: "2.1.2"
  lints:
    dependency: "direct dev"
    description:
      name: lints
      url: "https://pub.dartlang.org"
    source: hosted
    version: "2.0.0"
  mime:
    dependency: "direct main"
    description:
      name: mime
      url: "https://pub.dartlang.org"
    source: hosted
    version: "1.0.2"
  mime_type:
    dependency: "direct main"
    description:
      name: mime_type
      url: "https://pub.dartlang.org"
    source: hosted
    version: "1.0.0"
sdks:
  dart: ">=2.18.1 <3.0.0"
